
Microsoft Visual Studio Solution File, Format Version 12.00
# Visual Studio 14
VisualStudioVersion = 14.0.23107.0
MinimumVisualStudioVersion = 10.0.40219.1
Project("{FAE04EC0-301F-11D3-BF4B-00C04F79EFBC}") = "GreenRound.Portable.Utilities", "GreenRound.Portable.Utilities\GreenRound.Portable.Utilities.csproj", "{C5408466-189E-4029-B594-0ABDBA983CDC}"
EndProject
Project("{FAE04EC0-301F-11D3-BF4B-00C04F79EFBC}") = "GreenRound.Portable.Utilities.Harness", "GreenRound.Portable.Utilities.Harness\GreenRound.Portable.Utilities.Harness.csproj", "{DFEDD10C-EE16-46DF-8510-5DAF1BA4F3F8}"
EndProject
Project("{FAE04EC0-301F-11D3-BF4B-00C04F79EFBC}") = "GreenRound.Portable.Utilities.Test", "GreenRound.Portable.Utilities.Test\GreenRound.Portable.Utilities.Test.csproj", "{981C1F81-D5DB-4D17-A43D-0C67F4DBE143}"
EndProject
Project("{FAE04EC0-301F-11D3-BF4B-00C04F79EFBC}") = "GreenRound.Android.Utilities", "GreenRound.Portable.Utilities\GreenRound.Android.Utilities.csproj", "{40128C51-2BBA-4C79-BB08-B3CCABEFF181}"
EndProject
Project("{FAE04EC0-301F-11D3-BF4B-00C04F79EFBC}") = "GreenRound.iOS.Utilities", "GreenRound.Portable.Utilities\GreenRound.iOS.Utilities.csproj", "{B1FF6A66-0AAC-4C8E-958D-40ACF7E5402D}"
EndProject
Project("{FAE04EC0-301F-11D3-BF4B-00C04F79EFBC}") = "GreenRound.Net.Utilities", "GreenRound.Portable.Utilities\GreenRound.Net.Utilities.csproj", "{2CEF4ADC-3F19-4244-9F3F-23622B03697B}"
EndProject
Global
	GlobalSection(SolutionConfigurationPlatforms) = preSolution
		AppVeyor|Any CPU = AppVeyor|Any CPU
		Debug|Any CPU = Debug|Any CPU
		Release|Any CPU = Release|Any CPU
	EndGlobalSection
	GlobalSection(ProjectConfigurationPlatforms) = postSolution
		{C5408466-189E-4029-B594-0ABDBA983CDC}.AppVeyor|Any CPU.ActiveCfg = AppVeyor|Any CPU
		{C5408466-189E-4029-B594-0ABDBA983CDC}.AppVeyor|Any CPU.Build.0 = AppVeyor|Any CPU
		{C5408466-189E-4029-B594-0ABDBA983CDC}.Debug|Any CPU.ActiveCfg = Debug|Any CPU
		{C5408466-189E-4029-B594-0ABDBA983CDC}.Debug|Any CPU.Build.0 = Debug|Any CPU
		{C5408466-189E-4029-B594-0ABDBA983CDC}.Release|Any CPU.ActiveCfg = Release|Any CPU
		{C5408466-189E-4029-B594-0ABDBA983CDC}.Release|Any CPU.Build.0 = Release|Any CPU
		{DFEDD10C-EE16-46DF-8510-5DAF1BA4F3F8}.AppVeyor|Any CPU.ActiveCfg = AppVeyor|Any CPU
		{DFEDD10C-EE16-46DF-8510-5DAF1BA4F3F8}.Debug|Any CPU.ActiveCfg = Debug|Any CPU
		{DFEDD10C-EE16-46DF-8510-5DAF1BA4F3F8}.Debug|Any CPU.Build.0 = Debug|Any CPU
		{DFEDD10C-EE16-46DF-8510-5DAF1BA4F3F8}.Release|Any CPU.ActiveCfg = Release|Any CPU
		{DFEDD10C-EE16-46DF-8510-5DAF1BA4F3F8}.Release|Any CPU.Build.0 = Release|Any CPU
		{981C1F81-D5DB-4D17-A43D-0C67F4DBE143}.AppVeyor|Any CPU.ActiveCfg = AppVeyor|Any CPU
		{981C1F81-D5DB-4D17-A43D-0C67F4DBE143}.AppVeyor|Any CPU.Build.0 = AppVeyor|Any CPU
		{981C1F81-D5DB-4D17-A43D-0C67F4DBE143}.Debug|Any CPU.ActiveCfg = Debug|Any CPU
		{981C1F81-D5DB-4D17-A43D-0C67F4DBE143}.Debug|Any CPU.Build.0 = Debug|Any CPU
		{981C1F81-D5DB-4D17-A43D-0C67F4DBE143}.Release|Any CPU.ActiveCfg = Release|Any CPU
		{981C1F81-D5DB-4D17-A43D-0C67F4DBE143}.Release|Any CPU.Build.0 = Release|Any CPU
		{40128C51-2BBA-4C79-BB08-B3CCABEFF181}.AppVeyor|Any CPU.ActiveCfg = AppVeyor|Any CPU
		{40128C51-2BBA-4C79-BB08-B3CCABEFF181}.Debug|Any CPU.ActiveCfg = Debug|Any CPU
		{40128C51-2BBA-4C79-BB08-B3CCABEFF181}.Debug|Any CPU.Build.0 = Debug|Any CPU
		{40128C51-2BBA-4C79-BB08-B3CCABEFF181}.Release|Any CPU.ActiveCfg = Release|Any CPU
		{40128C51-2BBA-4C79-BB08-B3CCABEFF181}.Release|Any CPU.Build.0 = Release|Any CPU
		{B1FF6A66-0AAC-4C8E-958D-40ACF7E5402D}.AppVeyor|Any CPU.ActiveCfg = AppVeyor|Any CPU
		{B1FF6A66-0AAC-4C8E-958D-40ACF7E5402D}.Debug|Any CPU.ActiveCfg = Debug|Any CPU
		{B1FF6A66-0AAC-4C8E-958D-40ACF7E5402D}.Debug|Any CPU.Build.0 = Debug|Any CPU
		{B1FF6A66-0AAC-4C8E-958D-40ACF7E5402D}.Release|Any CPU.ActiveCfg = Release|Any CPU
		{B1FF6A66-0AAC-4C8E-958D-40ACF7E5402D}.Release|Any CPU.Build.0 = Release|Any CPU
		{2CEF4ADC-3F19-4244-9F3F-23622B03697B}.AppVeyor|Any CPU.ActiveCfg = AppVeyor|Any CPU
		{2CEF4ADC-3F19-4244-9F3F-23622B03697B}.AppVeyor|Any CPU.Build.0 = AppVeyor|Any CPU
		{2CEF4ADC-3F19-4244-9F3F-23622B03697B}.Debug|Any CPU.ActiveCfg = Debug|Any CPU
		{2CEF4ADC-3F19-4244-9F3F-23622B03697B}.Debug|Any CPU.Build.0 = Debug|Any CPU
		{2CEF4ADC-3F19-4244-9F3F-23622B03697B}.Release|Any CPU.ActiveCfg = Release|Any CPU
		{2CEF4ADC-3F19-4244-9F3F-23622B03697B}.Release|Any CPU.Build.0 = Release|Any CPU
	EndGlobalSection
	GlobalSection(SolutionProperties) = preSolution
		HideSolutionNode = FALSE
	EndGlobalSection
EndGlobal
